<Solution>
  <Project Path="src\Neuralium.AppHost\Neuralium.AppHost.csproj" />
  <Project Path="src\Neuralium.Worker\Neuralium.Worker.csproj" />
  <Folder Name="/src/">
    <Project Path="src/Neuralium.Data/Neuralium.Data.csproj" />
    <Project Path="src/Neuralium.MigrationService/Neuralium.MigrationService.csproj" />
  </Folder>
  <Folder Name="/tests/">
    <Project Path="tests/Neuralium.Tests/Neuralium.Tests.csproj" />
  </Folder>
  <Project Path="src\Neuralium.Api\Neuralium.Api.csproj" />
</Solution>
